
Microsoft Visual Studio Solution File, Format Version 12.00
# Visual Studio 15
VisualStudioVersion = 15.0.28307.421
MinimumVisualStudioVersion = 10.0.40219.1
Project("{FAE04EC0-301F-11D3-BF4B-00C04F79EFBC}") = "UsingQueuesForIntegration", "UsingQueuesForIntegration\UsingQueuesForIntegration.csproj", "{9CD3FFF1-2101-47C7-A5F2-00E2999DB7B5}"
EndProject
Project("{FAE04EC0-301F-11D3-BF4B-00C04F79EFBC}") = "PointOfSale", "PointOfSale\PointOfSale.csproj", "{3E2564DC-6E17-4B4E-B387-74D580D9311B}"
EndProject
Project("{FAE04EC0-301F-11D3-BF4B-00C04F79EFBC}") = "CommandConsumer", "CommandConsumer\CommandConsumer.csproj", "{85849A74-ED00-4921-8B48-41C4F6731AC3}"
EndProject
Project("{FAE04EC0-301F-11D3-BF4B-00C04F79EFBC}") = "Models", "Models\Models.csproj", "{321EBD97-6F71-4CC8-B7EF-F2FAA50D5B62}"
EndProject
Global
	GlobalSection(SolutionConfigurationPlatforms) = preSolution
		Debug|Any CPU = Debug|Any CPU
		Release|Any CPU = Release|Any CPU
	EndGlobalSection
	GlobalSection(ProjectConfigurationPlatforms) = postSolution
		{9CD3FFF1-2101-47C7-A5F2-00E2999DB7B5}.Debug|Any CPU.ActiveCfg = Debug|Any CPU
		{9CD3FFF1-2101-47C7-A5F2-00E2999DB7B5}.Debug|Any CPU.Build.0 = Debug|Any CPU
		{9CD3FFF1-2101-47C7-A5F2-00E2999DB7B5}.Release|Any CPU.ActiveCfg = Release|Any CPU
		{9CD3FFF1-2101-47C7-A5F2-00E2999DB7B5}.Release|Any CPU.Build.0 = Release|Any CPU
		{3E2564DC-6E17-4B4E-B387-74D580D9311B}.Debug|Any CPU.ActiveCfg = Debug|Any CPU
		{3E2564DC-6E17-4B4E-B387-74D580D9311B}.Debug|Any CPU.Build.0 = Debug|Any CPU
		{3E2564DC-6E17-4B4E-B387-74D580D9311B}.Release|Any CPU.ActiveCfg = Release|Any CPU
		{3E2564DC-6E17-4B4E-B387-74D580D9311B}.Release|Any CPU.Build.0 = Release|Any CPU
		{85849A74-ED00-4921-8B48-41C4F6731AC3}.Debug|Any CPU.ActiveCfg = Debug|Any CPU
		{85849A74-ED00-4921-8B48-41C4F6731AC3}.Debug|Any CPU.Build.0 = Debug|Any CPU
		{85849A74-ED00-4921-8B48-41C4F6731AC3}.Release|Any CPU.ActiveCfg = Release|Any CPU
		{85849A74-ED00-4921-8B48-41C4F6731AC3}.Release|Any CPU.Build.0 = Release|Any CPU
		{321EBD97-6F71-4CC8-B7EF-F2FAA50D5B62}.Debug|Any CPU.ActiveCfg = Debug|Any CPU
		{321EBD97-6F71-4CC8-B7EF-F2FAA50D5B62}.Debug|Any CPU.Build.0 = Debug|Any CPU
		{321EBD97-6F71-4CC8-B7EF-F2FAA50D5B62}.Release|Any CPU.ActiveCfg = Release|Any CPU
		{321EBD97-6F71-4CC8-B7EF-F2FAA50D5B62}.Release|Any CPU.Build.0 = Release|Any CPU
	EndGlobalSection
	GlobalSection(SolutionProperties) = preSolution
		HideSolutionNode = FALSE
	EndGlobalSection
	GlobalSection(ExtensibilityGlobals) = postSolution
		SolutionGuid = {D9B5B47A-8542-4162-9EC2-A67DB67EC4E8}
	EndGlobalSection
EndGlobal
